// !$*UTF8*$!
{
	archiveVersion = 1;
	classes = {
	};
	objectVersion = 46;
	objects = {

/* Begin PBXBuildFile section */
		EA67C8781E714F6600291D33 /* AppDelegate.m in Sources */ = {isa = PBXBuildFile; fileRef = EA67C86C1E714F6600291D33 /* AppDelegate.m */; };
		EA67C8791E714F6600291D33 /* Assets.xcassets in Resources */ = {isa = PBXBuildFile; fileRef = EA67C86D1E714F6600291D33 /* Assets.xcassets */; };
		EA67C87A1E714F6600291D33 /* LaunchScreen.storyboard in Resources */ = {isa = PBXBuildFile; fileRef = EA67C86E1E714F6600291D33 /* LaunchScreen.storyboard */; };
		EA67C87B1E714F6600291D33 /* Main.storyboard in Resources */ = {isa = PBXBuildFile; fileRef = EA67C8701E714F6600291D33 /* Main.storyboard */; };
		EA67C87C1E714F6600291D33 /* Info.plist in Resources */ = {isa = PBXBuildFile; fileRef = EA67C8721E714F6600291D33 /* Info.plist */; };
		EA67C87D1E714F6600291D33 /* main.m in Sources */ = {isa = PBXBuildFile; fileRef = EA67C8731E714F6600291D33 /* main.m */; };
		EA67C87E1E714F6600291D33 /* PhoneContacts.xcdatamodeld in Sources */ = {isa = PBXBuildFile; fileRef = EA67C8741E714F6600291D33 /* PhoneContacts.xcdatamodeld */; };
		EA67C87F1E714F6600291D33 /* ViewController.m in Sources */ = {isa = PBXBuildFile; fileRef = EA67C8771E714F6600291D33 /* ViewController.m */; };
		EA67C8841E715FA700291D33 /* KTSContactsManager.m in Sources */ = {isa = PBXBuildFile; fileRef = EA67C8831E715FA700291D33 /* KTSContactsManager.m */; };
		EA67C8871E71633F00291D33 /* ParserContact.m in Sources */ = {isa = PBXBuildFile; fileRef = EA67C8851E71633F00291D33 /* ParserContact.m */; };
		EA67C88C1E7163B800291D33 /* Contact.m in Sources */ = {isa = PBXBuildFile; fileRef = EA67C88B1E7163B800291D33 /* Contact.m */; };
		EA67C88F1E71647D00291D33 /* Phone.m in Sources */ = {isa = PBXBuildFile; fileRef = EA67C88E1E71647D00291D33 /* Phone.m */; };
		EA67C8921E71648500291D33 /* Email.m in Sources */ = {isa = PBXBuildFile; fileRef = EA67C8911E71648500291D33 /* Email.m */; };
		EAAA541A1E70143100E54474 /* PhoneContactsTests.m in Sources */ = {isa = PBXBuildFile; fileRef = EAAA54191E70143100E54474 /* PhoneContactsTests.m */; };
		EAAA54251E70143100E54474 /* PhoneContactsUITests.m in Sources */ = {isa = PBXBuildFile; fileRef = EAAA54241E70143100E54474 /* PhoneContactsUITests.m */; };
		EAAA54391E7015FF00E54474 /* AddressBook.framework in Frameworks */ = {isa = PBXBuildFile; fileRef = EAAA54371E7015FF00E54474 /* AddressBook.framework */; };
		EAAA543A1E7015FF00E54474 /* AddressBookUI.framework in Frameworks */ = {isa = PBXBuildFile; fileRef = EAAA54381E7015FF00E54474 /* AddressBookUI.framework */; };
/* End PBXBuildFile section */

/* Begin PBXContainerItemProxy section */
		EAAA54161E70143100E54474 /* PBXContainerItemProxy */ = {
			isa = PBXContainerItemProxy;
			containerPortal = EAAA53F11E70143100E54474 /* Project object */;
			proxyType = 1;
			remoteGlobalIDString = EAAA53F81E70143100E54474;
			remoteInfo = CoreDataTest;
		};
		EAAA54211E70143100E54474 /* PBXContainerItemProxy */ = {
			isa = PBXContainerItemProxy;
			containerPortal = EAAA53F11E70143100E54474 /* Project object */;
			proxyType = 1;
			remoteGlobalIDString = EAAA53F81E70143100E54474;
			remoteInfo = CoreDataTest;
		};
/* End PBXContainerItemProxy section */

/* Begin PBXFileReference section */
		EA67C86B1E714F6600291D33 /* AppDelegate.h */ = {isa = PBXFileReference; fileEncoding = 4; lastKnownFileType = sourcecode.c.h; path = AppDelegate.h; sourceTree = "<group>"; };
		EA67C86C1E714F6600291D33 /* AppDelegate.m */ = {isa = PBXFileReference; fileEncoding = 4; lastKnownFileType = sourcecode.c.objc; path = AppDelegate.m; sourceTree = "<group>"; };
		EA67C86D1E714F6600291D33 /* Assets.xcassets */ = {isa = PBXFileReference; lastKnownFileType = folder.assetcatalog; path = Assets.xcassets; sourceTree = "<group>"; };
		EA67C86F1E714F6600291D33 /* Base */ = {isa = PBXFileReference; lastKnownFileType = file.storyboard; name = Base; path = Base.lproj/LaunchScreen.storyboard; sourceTree = "<group>"; };
		EA67C8711E714F6600291D33 /* Base */ = {isa = PBXFileReference; lastKnownFileType = file.storyboard; name = Base; path = Base.lproj/Main.storyboard; sourceTree = "<group>"; };
		EA67C8721E714F6600291D33 /* Info.plist */ = {isa = PBXFileReference; fileEncoding = 4; lastKnownFileType = text.plist.xml; path = Info.plist; sourceTree = "<group>"; };
		EA67C8731E714F6600291D33 /* main.m */ = {isa = PBXFileReference; fileEncoding = 4; lastKnownFileType = sourcecode.c.objc; path = main.m; sourceTree = "<group>"; };
		EA67C8751E714F6600291D33 /* PhoneContacts.xcdatamodel */ = {isa = PBXFileReference; lastKnownFileType = wrapper.xcdatamodel; path = PhoneContacts.xcdatamodel; sourceTree = "<group>"; };
		EA67C8761E714F6600291D33 /* ViewController.h */ = {isa = PBXFileReference; fileEncoding = 4; lastKnownFileType = sourcecode.c.h; path = ViewController.h; sourceTree = "<group>"; };
		EA67C8771E714F6600291D33 /* ViewController.m */ = {isa = PBXFileReference; fileEncoding = 4; lastKnownFileType = sourcecode.c.objc; path = ViewController.m; sourceTree = "<group>"; };
		EA67C8821E715FA700291D33 /* KTSContactsManager.h */ = {isa = PBXFileReference; fileEncoding = 4; lastKnownFileType = sourcecode.c.h; path = KTSContactsManager.h; sourceTree = "<group>"; };
		EA67C8831E715FA700291D33 /* KTSContactsManager.m */ = {isa = PBXFileReference; fileEncoding = 4; lastKnownFileType = sourcecode.c.objc; path = KTSContactsManager.m; sourceTree = "<group>"; };
		EA67C8851E71633F00291D33 /* ParserContact.m */ = {isa = PBXFileReference; fileEncoding = 4; lastKnownFileType = sourcecode.c.objc; path = ParserContact.m; sourceTree = "<group>"; };
		EA67C8861E71633F00291D33 /* ParserContact.h */ = {isa = PBXFileReference; fileEncoding = 4; lastKnownFileType = sourcecode.c.h; path = ParserContact.h; sourceTree = "<group>"; };
		EA67C88A1E7163B800291D33 /* Contact.h */ = {isa = PBXFileReference; fileEncoding = 4; lastKnownFileType = sourcecode.c.h; path = Contact.h; sourceTree = "<group>"; };
		EA67C88B1E7163B800291D33 /* Contact.m */ = {isa = PBXFileReference; fileEncoding = 4; lastKnownFileType = sourcecode.c.objc; path = Contact.m; sourceTree = "<group>"; };
		EA67C88D1E71647D00291D33 /* Phone.h */ = {isa = PBXFileReference; fileEncoding = 4; lastKnownFileType = sourcecode.c.h; path = Phone.h; sourceTree = "<group>"; };
		EA67C88E1E71647D00291D33 /* Phone.m */ = {isa = PBXFileReference; fileEncoding = 4; lastKnownFileType = sourcecode.c.objc; path = Phone.m; sourceTree = "<group>"; };
		EA67C8901E71648500291D33 /* Email.h */ = {isa = PBXFileReference; fileEncoding = 4; lastKnownFileType = sourcecode.c.h; path = Email.h; sourceTree = "<group>"; };
		EA67C8911E71648500291D33 /* Email.m */ = {isa = PBXFileReference; fileEncoding = 4; lastKnownFileType = sourcecode.c.objc; path = Email.m; sourceTree = "<group>"; };
		EAAA53F91E70143100E54474 /* PhoneContacts.app */ = {isa = PBXFileReference; explicitFileType = wrapper.application; includeInIndex = 0; path = PhoneContacts.app; sourceTree = BUILT_PRODUCTS_DIR; };
		EAAA54151E70143100E54474 /* PhoneContactsTests.xctest */ = {isa = PBXFileReference; explicitFileType = wrapper.cfbundle; includeInIndex = 0; path = PhoneContactsTests.xctest; sourceTree = BUILT_PRODUCTS_DIR; };
		EAAA54191E70143100E54474 /* PhoneContactsTests.m */ = {isa = PBXFileReference; lastKnownFileType = sourcecode.c.objc; path = PhoneContactsTests.m; sourceTree = "<group>"; };
		EAAA541B1E70143100E54474 /* Info.plist */ = {isa = PBXFileReference; lastKnownFileType = text.plist.xml; path = Info.plist; sourceTree = "<group>"; };
		EAAA54201E70143100E54474 /* PhoneContactsUITests.xctest */ = {isa = PBXFileReference; explicitFileType = wrapper.cfbundle; includeInIndex = 0; path = PhoneContactsUITests.xctest; sourceTree = BUILT_PRODUCTS_DIR; };
		EAAA54241E70143100E54474 /* PhoneContactsUITests.m */ = {isa = PBXFileReference; lastKnownFileType = sourcecode.c.objc; path = PhoneContactsUITests.m; sourceTree = "<group>"; };
		EAAA54261E70143100E54474 /* Info.plist */ = {isa = PBXFileReference; lastKnownFileType = text.plist.xml; path = Info.plist; sourceTree = "<group>"; };
		EAAA54371E7015FF00E54474 /* AddressBook.framework */ = {isa = PBXFileReference; lastKnownFileType = wrapper.framework; name = AddressBook.framework; path = System/Library/Frameworks/AddressBook.framework; sourceTree = SDKROOT; };
		EAAA54381E7015FF00E54474 /* AddressBookUI.framework */ = {isa = PBXFileReference; lastKnownFileType = wrapper.framework; name = AddressBookUI.framework; path = System/Library/Frameworks/AddressBookUI.framework; sourceTree = SDKROOT; };
/* End PBXFileReference section */

/* Begin PBXFrameworksBuildPhase section */
		EAAA53F61E70143100E54474 /* Frameworks */ = {
			isa = PBXFrameworksBuildPhase;
			buildActionMask = 2147483647;
			files = (
				EAAA54391E7015FF00E54474 /* AddressBook.framework in Frameworks */,
				EAAA543A1E7015FF00E54474 /* AddressBookUI.framework in Frameworks */,
			);
			runOnlyForDeploymentPostprocessing = 0;
		};
		EAAA54121E70143100E54474 /* Frameworks */ = {
			isa = PBXFrameworksBuildPhase;
			buildActionMask = 2147483647;
			files = (
			);
			runOnlyForDeploymentPostprocessing = 0;
		};
		EAAA541D1E70143100E54474 /* Frameworks */ = {
			isa = PBXFrameworksBuildPhase;
			buildActionMask = 2147483647;
			files = (
			);
			runOnlyForDeploymentPostprocessing = 0;
		};
/* End PBXFrameworksBuildPhase section */

/* Begin PBXGroup section */
		EA67C86A1E714F6600291D33 /* PhoneContacts */ = {
			isa = PBXGroup;
			children = (
				EA67C8881E71638B00291D33 /* Model */,
				EA67C8891E71638B00291D33 /* DBModel */,
				EA67C8801E715F7400291D33 /* Util */,
				EA67C86B1E714F6600291D33 /* AppDelegate.h */,
				EA67C86C1E714F6600291D33 /* AppDelegate.m */,
				EA67C86D1E714F6600291D33 /* Assets.xcassets */,
				EA67C86E1E714F6600291D33 /* LaunchScreen.storyboard */,
				EA67C8701E714F6600291D33 /* Main.storyboard */,
				EA67C8721E714F6600291D33 /* Info.plist */,
				EA67C8731E714F6600291D33 /* main.m */,
				EA67C8741E714F6600291D33 /* PhoneContacts.xcdatamodeld */,
				EA67C8761E714F6600291D33 /* ViewController.h */,
				EA67C8771E714F6600291D33 /* ViewController.m */,
			);
			path = PhoneContacts;
			sourceTree = "<group>";
		};
		EA67C8801E715F7400291D33 /* Util */ = {
			isa = PBXGroup;
			children = (
				EA67C8851E71633F00291D33 /* ParserContact.m */,
				EA67C8861E71633F00291D33 /* ParserContact.h */,
				EA67C8811E715FA700291D33 /* ContactsManager */,
			);
			path = Util;
			sourceTree = "<group>";
		};
		EA67C8811E715FA700291D33 /* ContactsManager */ = {
			isa = PBXGroup;
			children = (
				EA67C8821E715FA700291D33 /* KTSContactsManager.h */,
				EA67C8831E715FA700291D33 /* KTSContactsManager.m */,
			);
			path = ContactsManager;
			sourceTree = "<group>";
		};
		EA67C8881E71638B00291D33 /* Model */ = {
			isa = PBXGroup;
			children = (
			);
			path = Model;
			sourceTree = "<group>";
		};
		EA67C8891E71638B00291D33 /* DBModel */ = {
			isa = PBXGroup;
			children = (
				EA67C88A1E7163B800291D33 /* Contact.h */,
				EA67C88B1E7163B800291D33 /* Contact.m */,
				EA67C88D1E71647D00291D33 /* Phone.h */,
				EA67C88E1E71647D00291D33 /* Phone.m */,
				EA67C8901E71648500291D33 /* Email.h */,
				EA67C8911E71648500291D33 /* Email.m */,
			);
			path = DBModel;
			sourceTree = "<group>";
		};
		EAAA53F01E70143100E54474 = {
			isa = PBXGroup;
			children = (
				EA67C86A1E714F6600291D33 /* PhoneContacts */,
				EAAA54181E70143100E54474 /* PhoneContactsTests */,
				EAAA54231E70143100E54474 /* PhoneContactsUITests */,
				EAAA53FA1E70143100E54474 /* Products */,
				EAAA54361E7015FE00E54474 /* Frameworks */,
			);
			sourceTree = "<group>";
		};
		EAAA53FA1E70143100E54474 /* Products */ = {
			isa = PBXGroup;
			children = (
				EAAA53F91E70143100E54474 /* PhoneContacts.app */,
				EAAA54151E70143100E54474 /* PhoneContactsTests.xctest */,
				EAAA54201E70143100E54474 /* PhoneContactsUITests.xctest */,
			);
			name = Products;
			sourceTree = "<group>";
		};
		EAAA54181E70143100E54474 /* PhoneContactsTests */ = {
			isa = PBXGroup;
			children = (
				EAAA54191E70143100E54474 /* PhoneContactsTests.m */,
				EAAA541B1E70143100E54474 /* Info.plist */,
			);
			name = PhoneContactsTests;
			path = CoreDataTestTests;
			sourceTree = "<group>";
		};
		EAAA54231E70143100E54474 /* PhoneContactsUITests */ = {
			isa = PBXGroup;
			children = (
				EAAA54241E70143100E54474 /* PhoneContactsUITests.m */,
				EAAA54261E70143100E54474 /* Info.plist */,
			);
			name = PhoneContactsUITests;
			path = CoreDataTestUITests;
			sourceTree = "<group>";
		};
		EAAA54361E7015FE00E54474 /* Frameworks */ = {
			isa = PBXGroup;
			children = (
				EAAA54371E7015FF00E54474 /* AddressBook.framework */,
				EAAA54381E7015FF00E54474 /* AddressBookUI.framework */,
			);
			name = Frameworks;
			sourceTree = "<group>";
		};
/* End PBXGroup section */

/* Begin PBXNativeTarget section */
		EAAA53F81E70143100E54474 /* PhoneContacts */ = {
			isa = PBXNativeTarget;
			buildConfigurationList = EAAA54291E70143100E54474 /* Build configuration list for PBXNativeTarget "PhoneContacts" */;
			buildPhases = (
				EAAA53F51E70143100E54474 /* Sources */,
				EAAA53F61E70143100E54474 /* Frameworks */,
				EAAA53F71E70143100E54474 /* Resources */,
			);
			buildRules = (
			);
			dependencies = (
			);
			name = PhoneContacts;
			productName = CoreDataTest;
			productReference = EAAA53F91E70143100E54474 /* PhoneContacts.app */;
			productType = "com.apple.product-type.application";
		};
		EAAA54141E70143100E54474 /* PhoneContactsTests */ = {
			isa = PBXNativeTarget;
			buildConfigurationList = EAAA542C1E70143100E54474 /* Build configuration list for PBXNativeTarget "PhoneContactsTests" */;
			buildPhases = (
				EAAA54111E70143100E54474 /* Sources */,
				EAAA54121E70143100E54474 /* Frameworks */,
				EAAA54131E70143100E54474 /* Resources */,
			);
			buildRules = (
			);
			dependencies = (
				EAAA54171E70143100E54474 /* PBXTargetDependency */,
			);
			name = PhoneContactsTests;
			productName = CoreDataTestTests;
			productReference = EAAA54151E70143100E54474 /* PhoneContactsTests.xctest */;
			productType = "com.apple.product-type.bundle.unit-test";
		};
		EAAA541F1E70143100E54474 /* PhoneContactsUITests */ = {
			isa = PBXNativeTarget;
			buildConfigurationList = EAAA542F1E70143100E54474 /* Build configuration list for PBXNativeTarget "PhoneContactsUITests" */;
			buildPhases = (
				EAAA541C1E70143100E54474 /* Sources */,
				EAAA541D1E70143100E54474 /* Frameworks */,
				EAAA541E1E70143100E54474 /* Resources */,
			);
			buildRules = (
			);
			dependencies = (
				EAAA54221E70143100E54474 /* PBXTargetDependency */,
			);
			name = PhoneContactsUITests;
			productName = CoreDataTestUITests;
			productReference = EAAA54201E70143100E54474 /* PhoneContactsUITests.xctest */;
			productType = "com.apple.product-type.bundle.ui-testing";
		};
/* End PBXNativeTarget section */

/* Begin PBXProject section */
		EAAA53F11E70143100E54474 /* Project object */ = {
			isa = PBXProject;
			attributes = {
				LastUpgradeCheck = 0820;
				ORGANIZATIONNAME = "GLOBAL RESCUE";
				TargetAttributes = {
					EAAA53F81E70143100E54474 = {
						CreatedOnToolsVersion = 8.2.1;
						DevelopmentTeam = JJQXM8E4G8;
						ProvisioningStyle = Manual;
					};
					EAAA54141E70143100E54474 = {
						CreatedOnToolsVersion = 8.2.1;
						ProvisioningStyle = Automatic;
						TestTargetID = EAAA53F81E70143100E54474;
					};
					EAAA541F1E70143100E54474 = {
						CreatedOnToolsVersion = 8.2.1;
						ProvisioningStyle = Automatic;
						TestTargetID = EAAA53F81E70143100E54474;
					};
				};
			};
			buildConfigurationList = EAAA53F41E70143100E54474 /* Build configuration list for PBXProject "PhoneContacts" */;
			compatibilityVersion = "Xcode 3.2";
			developmentRegion = English;
			hasScannedForEncodings = 0;
			knownRegions = (
				en,
				Base,
			);
			mainGroup = EAAA53F01E70143100E54474;
			productRefGroup = EAAA53FA1E70143100E54474 /* Products */;
			projectDirPath = "";
			projectRoot = "";
			targets = (
				EAAA53F81E70143100E54474 /* PhoneContacts */,
				EAAA54141E70143100E54474 /* PhoneContactsTests */,
				EAAA541F1E70143100E54474 /* PhoneContactsUITests */,
			);
		};
/* End PBXProject section */

/* Begin PBXResourcesBuildPhase section */
		EAAA53F71E70143100E54474 /* Resources */ = {
			isa = PBXResourcesBuildPhase;
			buildActionMask = 2147483647;
			files = (
				EA67C87C1E714F6600291D33 /* Info.plist in Resources */,
				EA67C87B1E714F6600291D33 /* Main.storyboard in Resources */,
				EA67C8791E714F6600291D33 /* Assets.xcassets in Resources */,
				EA67C87A1E714F6600291D33 /* LaunchScreen.storyboard in Resources */,
			);
			runOnlyForDeploymentPostprocessing = 0;
		};
		EAAA54131E70143100E54474 /* Resources */ = {
			isa = PBXResourcesBuildPhase;
			buildActionMask = 2147483647;
			files = (
			);
			runOnlyForDeploymentPostprocessing = 0;
		};
		EAAA541E1E70143100E54474 /* Resources */ = {
			isa = PBXResourcesBuildPhase;
			buildActionMask = 2147483647;
			files = (
			);
			runOnlyForDeploymentPostprocessing = 0;
		};
/* End PBXResourcesBuildPhase section */

/* Begin PBXSourcesBuildPhase section */
		EAAA53F51E70143100E54474 /* Sources */ = {
			isa = PBXSourcesBuildPhase;
			buildActionMask = 2147483647;
			files = (
				EA67C8921E71648500291D33 /* Email.m in Sources */,
				EA67C8871E71633F00291D33 /* ParserContact.m in Sources */,
				EA67C87D1E714F6600291D33 /* main.m in Sources */,
				EA67C87E1E714F6600291D33 /* PhoneContacts.xcdatamodeld in Sources */,
				EA67C87F1E714F6600291D33 /* ViewController.m in Sources */,
				EA67C88F1E71647D00291D33 /* Phone.m in Sources */,
				EA67C88C1E7163B800291D33 /* Contact.m in Sources */,
				EA67C8841E715FA700291D33 /* KTSContactsManager.m in Sources */,
				EA67C8781E714F6600291D33 /* AppDelegate.m in Sources */,
			);
			runOnlyForDeploymentPostprocessing = 0;
		};
		EAAA54111E70143100E54474 /* Sources */ = {
			isa = PBXSourcesBuildPhase;
			buildActionMask = 2147483647;
			files = (
				EAAA541A1E70143100E54474 /* PhoneContactsTests.m in Sources */,
			);
			runOnlyForDeploymentPostprocessing = 0;
		};
		EAAA541C1E70143100E54474 /* Sources */ = {
			isa = PBXSourcesBuildPhase;
			buildActionMask = 2147483647;
			files = (
				EAAA54251E70143100E54474 /* PhoneContactsUITests.m in Sources */,
			);
			runOnlyForDeploymentPostprocessing = 0;
		};
/* End PBXSourcesBuildPhase section */

/* Begin PBXTargetDependency section */
		EAAA54171E70143100E54474 /* PBXTargetDependency */ = {
			isa = PBXTargetDependency;
			target = EAAA53F81E70143100E54474 /* PhoneContacts */;
			targetProxy = EAAA54161E70143100E54474 /* PBXContainerItemProxy */;
		};
		EAAA54221E70143100E54474 /* PBXTargetDependency */ = {
			isa = PBXTargetDependency;
			target = EAAA53F81E70143100E54474 /* PhoneContacts */;
			targetProxy = EAAA54211E70143100E54474 /* PBXContainerItemProxy */;
		};
/* End PBXTargetDependency section */

/* Begin PBXVariantGroup section */
		EA67C86E1E714F6600291D33 /* LaunchScreen.storyboard */ = {
			isa = PBXVariantGroup;
			children = (
				EA67C86F1E714F6600291D33 /* Base */,
			);
			name = LaunchScreen.storyboard;
			sourceTree = "<group>";
		};
		EA67C8701E714F6600291D33 /* Main.storyboard */ = {
			isa = PBXVariantGroup;
			children = (
				EA67C8711E714F6600291D33 /* Base */,
			);
			name = Main.storyboard;
			sourceTree = "<group>";
		};
/* End PBXVariantGroup section */

/* Begin XCBuildConfiguration section */
		EAAA54271E70143100E54474 /* Debug */ = {
			isa = XCBuildConfiguration;
			buildSettings = {
				ALWAYS_SEARCH_USER_PATHS = NO;
				CLANG_ANALYZER_NONNULL = YES;
				CLANG_CXX_LANGUAGE_STANDARD = "gnu++0x";
				CLANG_CXX_LIBRARY = "libc++";
				CLANG_ENABLE_MODULES = YES;
				CLANG_ENABLE_OBJC_ARC = YES;
				CLANG_WARN_BOOL_CONVERSION = YES;
				CLANG_WARN_CONSTANT_CONVERSION = YES;
				CLANG_WARN_DIRECT_OBJC_ISA_USAGE = YES_ERROR;
				CLANG_WARN_DOCUMENTATION_COMMENTS = YES;
				CLANG_WARN_EMPTY_BODY = YES;
				CLANG_WARN_ENUM_CONVERSION = YES;
				CLANG_WARN_INFINITE_RECURSION = YES;
				CLANG_WARN_INT_CONVERSION = YES;
				CLANG_WARN_OBJC_ROOT_CLASS = YES_ERROR;
				CLANG_WARN_SUSPICIOUS_MOVE = YES;
				CLANG_WARN_UNREACHABLE_CODE = YES;
				CLANG_WARN__DUPLICATE_METHOD_MATCH = YES;
				"CODE_SIGN_IDENTITY[sdk=iphoneos*]" = "iPhone Developer";
				COPY_PHASE_STRIP = NO;
				DEBUG_INFORMATION_FORMAT = dwarf;
				ENABLE_STRICT_OBJC_MSGSEND = YES;
				ENABLE_TESTABILITY = YES;
				GCC_C_LANGUAGE_STANDARD = gnu99;
				GCC_DYNAMIC_NO_PIC = NO;
				GCC_NO_COMMON_BLOCKS = YES;
				GCC_OPTIMIZATION_LEVEL = 0;
				GCC_PREPROCESSOR_DEFINITIONS = (
					"DEBUG=1",
					"$(inherited)",
				);
				GCC_WARN_64_TO_32_BIT_CONVERSION = YES;
				GCC_WARN_ABOUT_RETURN_TYPE = YES_ERROR;
				GCC_WARN_UNDECLARED_SELECTOR = YES;
				GCC_WARN_UNINITIALIZED_AUTOS = YES_AGGRESSIVE;
				GCC_WARN_UNUSED_FUNCTION = YES;
				GCC_WARN_UNUSED_VARIABLE = YES;
				IPHONEOS_DEPLOYMENT_TARGET = 10.2;
				MTL_ENABLE_DEBUG_INFO = YES;
				ONLY_ACTIVE_ARCH = YES;
				SDKROOT = iphoneos;
				TARGETED_DEVICE_FAMILY = "1,2";
			};
			name = Debug;
		};
		EAAA54281E70143100E54474 /* Release */ = {
			isa = XCBuildConfiguration;
			buildSettings = {
				ALWAYS_SEARCH_USER_PATHS = NO;
				CLANG_ANALYZER_NONNULL = YES;
				CLANG_CXX_LANGUAGE_STANDARD = "gnu++0x";
				CLANG_CXX_LIBRARY = "libc++";
				CLANG_ENABLE_MODULES = YES;
				CLANG_ENABLE_OBJC_ARC = YES;
				CLANG_WARN_BOOL_CONVERSION = YES;
				CLANG_WARN_CONSTANT_CONVERSION = YES;
				CLANG_WARN_DIRECT_OBJC_ISA_USAGE = YES_ERROR;
				CLANG_WARN_DOCUMENTATION_COMMENTS = YES;
				CLANG_WARN_EMPTY_BODY = YES;
				CLANG_WARN_ENUM_CONVERSION = YES;
				CLANG_WARN_INFINITE_RECURSION = YES;
				CLANG_WARN_INT_CONVERSION = YES;
				CLANG_WARN_OBJC_ROOT_CLASS = YES_ERROR;
				CLANG_WARN_SUSPICIOUS_MOVE = YES;
				CLANG_WARN_UNREACHABLE_CODE = YES;
				CLANG_WARN__DUPLICATE_METHOD_MATCH = YES;
				"CODE_SIGN_IDENTITY[sdk=iphoneos*]" = "iPhone Developer";
				COPY_PHASE_STRIP = NO;
				DEBUG_INFORMATION_FORMAT = "dwarf-with-dsym";
				ENABLE_NS_ASSERTIONS = NO;
				ENABLE_STRICT_OBJC_MSGSEND = YES;
				GCC_C_LANGUAGE_STANDARD = gnu99;
				GCC_NO_COMMON_BLOCKS = YES;
				GCC_WARN_64_TO_32_BIT_CONVERSION = YES;
				GCC_WARN_ABOUT_RETURN_TYPE = YES_ERROR;
				GCC_WARN_UNDECLARED_SELECTOR = YES;
				GCC_WARN_UNINITIALIZED_AUTOS = YES_AGGRESSIVE;
				GCC_WARN_UNUSED_FUNCTION = YES;
				GCC_WARN_UNUSED_VARIABLE = YES;
				IPHONEOS_DEPLOYMENT_TARGET = 10.2;
				MTL_ENABLE_DEBUG_INFO = NO;
				SDKROOT = iphoneos;
				TARGETED_DEVICE_FAMILY = "1,2";
				VALIDATE_PRODUCT = YES;
			};
			name = Release;
		};
		EAAA542A1E70143100E54474 /* Debug */ = {
			isa = XCBuildConfiguration;
			buildSettings = {
				DEVELOPMENT_TEAM = JJQXM8E4G8;
				INFOPLIST_FILE = PhoneContacts/Info.plist;
				IPHONEOS_DEPLOYMENT_TARGET = 8.0;
				LD_RUNPATH_SEARCH_PATHS = "$(inherited) @executable_path/Frameworks";
				PRODUCT_BUNDLE_IDENTIFIER = com.gr.grid.mobile.grdbackoffice;
				PRODUCT_NAME = "$(TARGET_NAME)";
				PROVISIONING_PROFILE = "51de9512-4124-413d-98dd-d7e472e503ff";
				PROVISIONING_PROFILE_SPECIFIER = com.gr.grid.mobile.grdbackoffice.dev;
			};
			name = Debug;
		};
		EAAA542B1E70143100E54474 /* Release */ = {
			isa = XCBuildConfiguration;
			buildSettings = {
				DEVELOPMENT_TEAM = JJQXM8E4G8;
				INFOPLIST_FILE = PhoneContacts/Info.plist;
				IPHONEOS_DEPLOYMENT_TARGET = 8.0;
				LD_RUNPATH_SEARCH_PATHS = "$(inherited) @executable_path/Frameworks";
				PRODUCT_BUNDLE_IDENTIFIER = com.gr.grid.mobile.grdbackoffice;
				PRODUCT_NAME = "$(TARGET_NAME)";
				PROVISIONING_PROFILE = "51de9512-4124-413d-98dd-d7e472e503ff";
				PROVISIONING_PROFILE_SPECIFIER = com.gr.grid.mobile.grdbackoffice.dev;
			};
			name = Release;
		};
		EAAA542D1E70143100E54474 /* Debug */ = {
			isa = XCBuildConfiguration;
			buildSettings = {
				BUNDLE_LOADER = "$(TEST_HOST)";
				INFOPLIST_FILE = CoreDataTestTests/Info.plist;
				LD_RUNPATH_SEARCH_PATHS = "$(inherited) @executable_path/Frameworks @loader_path/Frameworks";
				PRODUCT_BUNDLE_IDENTIFIER = GRID.CoreDataTestTests;
				PRODUCT_NAME = "$(TARGET_NAME)";
				TEST_HOST = "$(BUILT_PRODUCTS_DIR)/PhoneContacts.app/PhoneContacts";
			};
			name = Debug;
		};
		EAAA542E1E70143100E54474 /* Release */ = {
			isa = XCBuildConfiguration;
			buildSettings = {
				BUNDLE_LOADER = "$(TEST_HOST)";
				INFOPLIST_FILE = CoreDataTestTests/Info.plist;
				LD_RUNPATH_SEARCH_PATHS = "$(inherited) @executable_path/Frameworks @loader_path/Frameworks";
				PRODUCT_BUNDLE_IDENTIFIER = GRID.CoreDataTestTests;
				PRODUCT_NAME = "$(TARGET_NAME)";
				TEST_HOST = "$(BUILT_PRODUCTS_DIR)/PhoneContacts.app/PhoneContacts";
			};
			name = Release;
		};
		EAAA54301E70143100E54474 /* Debug */ = {
			isa = XCBuildConfiguration;
			buildSettings = {
				INFOPLIST_FILE = CoreDataTestUITests/Info.plist;
				LD_RUNPATH_SEARCH_PATHS = "$(inherited) @executable_path/Frameworks @loader_path/Frameworks";
				PRODUCT_BUNDLE_IDENTIFIER = GRID.CoreDataTestUITests;
				PRODUCT_NAME = "$(TARGET_NAME)";
				TEST_TARGET_NAME = CoreDataTest;
			};
			name = Debug;
		};
		EAAA54311E70143100E54474 /* Release */ = {
			isa = XCBuildConfiguration;
			buildSettings = {
				INFOPLIST_FILE = CoreDataTestUITests/Info.plist;
				LD_RUNPATH_SEARCH_PATHS = "$(inherited) @executable_path/Frameworks @loader_path/Frameworks";
				PRODUCT_BUNDLE_IDENTIFIER = GRID.CoreDataTestUITests;
				PRODUCT_NAME = "$(TARGET_NAME)";
				TEST_TARGET_NAME = CoreDataTest;
			};
			name = Release;
		};
/* End XCBuildConfiguration section */

/* Begin XCConfigurationList section */
		EAAA53F41E70143100E54474 /* Build configuration list for PBXProject "PhoneContacts" */ = {
			isa = XCConfigurationList;
			buildConfigurations = (
				EAAA54271E70143100E54474 /* Debug */,
				EAAA54281E70143100E54474 /* Release */,
			);
			defaultConfigurationIsVisible = 0;
			defaultConfigurationName = Release;
		};
		EAAA54291E70143100E54474 /* Build configuration list for PBXNativeTarget "PhoneContacts" */ = {
			isa = XCConfigurationList;
			buildConfigurations = (
				EAAA542A1E70143100E54474 /* Debug */,
				EAAA542B1E70143100E54474 /* Release */,
			);
			defaultConfigurationIsVisible = 0;
			defaultConfigurationName = Release;
		};
		EAAA542C1E70143100E54474 /* Build configuration list for PBXNativeTarget "PhoneContactsTests" */ = {
			isa = XCConfigurationList;
			buildConfigurations = (
				EAAA542D1E70143100E54474 /* Debug */,
				EAAA542E1E70143100E54474 /* Release */,
			);
			defaultConfigurationIsVisible = 0;
			defaultConfigurationName = Release;
		};
		EAAA542F1E70143100E54474 /* Build configuration list for PBXNativeTarget "PhoneContactsUITests" */ = {
			isa = XCConfigurationList;
			buildConfigurations = (
				EAAA54301E70143100E54474 /* Debug */,
				EAAA54311E70143100E54474 /* Release */,
			);
			defaultConfigurationIsVisible = 0;
			defaultConfigurationName = Release;
		};
/* End XCConfigurationList section */

/* Begin XCVersionGroup section */
		EA67C8741E714F6600291D33 /* PhoneContacts.xcdatamodeld */ = {
			isa = XCVersionGroup;
			children = (
				EA67C8751E714F6600291D33 /* PhoneContacts.xcdatamodel */,
			);
			path = PhoneContacts.xcdatamodeld;
			sourceTree = "<group>";
			versionGroupType = wrapper.xcdatamodel;
		};
/* End XCVersionGroup section */
	};
	rootObject = EAAA53F11E70143100E54474 /* Project object */;
}
